
Microsoft Visual Studio Solution File, Format Version 12.00
# Visual Studio Version 16
VisualStudioVersion = 16.0.30309.148
MinimumVisualStudioVersion = 10.0.40219.1
Project("{8BC9CEB8-8B4A-11D0-8D11-00A0C91BC942}") = "learn", "learn\learn.vcxproj", "{368C4382-985E-4650-9B1D-1CE934B6EFEA}"
EndProject
Global
	GlobalSection(SolutionConfigurationPlatforms) = preSolution
		Debug|x64 = Debug|x64
		Debug|x86 = Debug|x86
		Release|x64 = Release|x64
		Release|x86 = Release|x86
	EndGlobalSection
	GlobalSection(ProjectConfigurationPlatforms) = postSolution
		{368C4382-985E-4650-9B1D-1CE934B6EFEA}.Debug|x64.ActiveCfg = Debug|x64
		{368C4382-985E-4650-9B1D-1CE934B6EFEA}.Debug|x64.Build.0 = Debug|x64
		{368C4382-985E-4650-9B1D-1CE934B6EFEA}.Debug|x86.ActiveCfg = Debug|Win32
		{368C4382-985E-4650-9B1D-1CE934B6EFEA}.Debug|x86.Build.0 = Debug|Win32
		{368C4382-985E-4650-9B1D-1CE934B6EFEA}.Release|x64.ActiveCfg = Release|x64
		{368C4382-985E-4650-9B1D-1CE934B6EFEA}.Release|x64.Build.0 = Release|x64
		{368C4382-985E-4650-9B1D-1CE934B6EFEA}.Release|x86.ActiveCfg = Release|Win32
		{368C4382-985E-4650-9B1D-1CE934B6EFEA}.Release|x86.Build.0 = Release|Win32
	EndGlobalSection
	GlobalSection(SolutionProperties) = preSolution
		HideSolutionNode = FALSE
	EndGlobalSection
	GlobalSection(ExtensibilityGlobals) = postSolution
		SolutionGuid = {774C3210-6C2F-4EC2-BCCD-CE932F4C4CD8}
	EndGlobalSection
EndGlobal
